// !$*UTF8*$!
{
	archiveVersion = 1;
	classes = {
	};
	objectVersion = 55;
	objects = {

/* Begin PBXBuildFile section */
		91CF2DE52755D82700D908CB /* AppDelegate.swift in Sources */ = {isa = PBXBuildFile; fileRef = 91CF2DE42755D82700D908CB /* AppDelegate.swift */; };
		91CF2DE72755D82700D908CB /* SceneDelegate.swift in Sources */ = {isa = PBXBuildFile; fileRef = 91CF2DE62755D82700D908CB /* SceneDelegate.swift */; };
		91CF2DE92755D82700D908CB /* ViewController.swift in Sources */ = {isa = PBXBuildFile; fileRef = 91CF2DE82755D82700D908CB /* ViewController.swift */; };
		91CF2DEC2755D82700D908CB /* Main.storyboard in Resources */ = {isa = PBXBuildFile; fileRef = 91CF2DEA2755D82700D908CB /* Main.storyboard */; };
		91CF2DEE2755D82800D908CB /* Assets.xcassets in Resources */ = {isa = PBXBuildFile; fileRef = 91CF2DED2755D82800D908CB /* Assets.xcassets */; };
		91CF2DF12755D82800D908CB /* LaunchScreen.storyboard in Resources */ = {isa = PBXBuildFile; fileRef = 91CF2DEF2755D82800D908CB /* LaunchScreen.storyboard */; };
		91CF2DFC2755D82800D908CB /* DrawTriangleTests.swift in Sources */ = {isa = PBXBuildFile; fileRef = 91CF2DFB2755D82800D908CB /* DrawTriangleTests.swift */; };
		91CF2E062755D82800D908CB /* DrawTriangleUITests.swift in Sources */ = {isa = PBXBuildFile; fileRef = 91CF2E052755D82800D908CB /* DrawTriangleUITests.swift */; };
		91CF2E082755D82800D908CB /* DrawTriangleUITestsLaunchTests.swift in Sources */ = {isa = PBXBuildFile; fileRef = 91CF2E072755D82800D908CB /* DrawTriangleUITestsLaunchTests.swift */; };
/* End PBXBuildFile section */

/* Begin PBXContainerItemProxy section */
		91CF2DF82755D82800D908CB /* PBXContainerItemProxy */ = {
			isa = PBXContainerItemProxy;
			containerPortal = 91CF2DD92755D82700D908CB /* Project object */;
			proxyType = 1;
			remoteGlobalIDString = 91CF2DE02755D82700D908CB;
			remoteInfo = DrawTriangle;
		};
		91CF2E022755D82800D908CB /* PBXContainerItemProxy */ = {
			isa = PBXContainerItemProxy;
			containerPortal = 91CF2DD92755D82700D908CB /* Project object */;
			proxyType = 1;
			remoteGlobalIDString = 91CF2DE02755D82700D908CB;
			remoteInfo = DrawTriangle;
		};
/* End PBXContainerItemProxy section */

/* Begin PBXFileReference section */
		91CF2DE12755D82700D908CB /* DrawTriangle.app */ = {isa = PBXFileReference; explicitFileType = wrapper.application; includeInIndex = 0; path = DrawTriangle.app; sourceTree = BUILT_PRODUCTS_DIR; };
		91CF2DE42755D82700D908CB /* AppDelegate.swift */ = {isa = PBXFileReference; lastKnownFileType = sourcecode.swift; path = AppDelegate.swift; sourceTree = "<group>"; };
		91CF2DE62755D82700D908CB /* SceneDelegate.swift */ = {isa = PBXFileReference; lastKnownFileType = sourcecode.swift; path = SceneDelegate.swift; sourceTree = "<group>"; };
		91CF2DE82755D82700D908CB /* ViewController.swift */ = {isa = PBXFileReference; lastKnownFileType = sourcecode.swift; path = ViewController.swift; sourceTree = "<group>"; };
		91CF2DEB2755D82700D908CB /* Base */ = {isa = PBXFileReference; lastKnownFileType = file.storyboard; name = Base; path = Base.lproj/Main.storyboard; sourceTree = "<group>"; };
		91CF2DED2755D82800D908CB /* Assets.xcassets */ = {isa = PBXFileReference; lastKnownFileType = folder.assetcatalog; path = Assets.xcassets; sourceTree = "<group>"; };
		91CF2DF02755D82800D908CB /* Base */ = {isa = PBXFileReference; lastKnownFileType = file.storyboard; name = Base; path = Base.lproj/LaunchScreen.storyboard; sourceTree = "<group>"; };
		91CF2DF22755D82800D908CB /* Info.plist */ = {isa = PBXFileReference; lastKnownFileType = text.plist.xml; path = Info.plist; sourceTree = "<group>"; };
		91CF2DF72755D82800D908CB /* DrawTriangleTests.xctest */ = {isa = PBXFileReference; explicitFileType = wrapper.cfbundle; includeInIndex = 0; path = DrawTriangleTests.xctest; sourceTree = BUILT_PRODUCTS_DIR; };
		91CF2DFB2755D82800D908CB /* DrawTriangleTests.swift */ = {isa = PBXFileReference; lastKnownFileType = sourcecode.swift; path = DrawTriangleTests.swift; sourceTree = "<group>"; };
		91CF2E012755D82800D908CB /* DrawTriangleUITests.xctest */ = {isa = PBXFileReference; explicitFileType = wrapper.cfbundle; includeInIndex = 0; path = DrawTriangleUITests.xctest; sourceTree = BUILT_PRODUCTS_DIR; };
		91CF2E052755D82800D908CB /* DrawTriangleUITests.swift */ = {isa = PBXFileReference; lastKnownFileType = sourcecode.swift; path = DrawTriangleUITests.swift; sourceTree = "<group>"; };
		91CF2E072755D82800D908CB /* DrawTriangleUITestsLaunchTests.swift */ = {isa = PBXFileReference; lastKnownFileType = sourcecode.swift; path = DrawTriangleUITestsLaunchTests.swift; sourceTree = "<group>"; };
/* End PBXFileReference section */

/* Begin PBXFrameworksBuildPhase section */
		91CF2DDE2755D82700D908CB /* Frameworks */ = {
			isa = PBXFrameworksBuildPhase;
			buildActionMask = 2147483647;
			files = (
			);
			runOnlyForDeploymentPostprocessing = 0;
		};
		91CF2DF42755D82800D908CB /* Frameworks */ = {
			isa = PBXFrameworksBuildPhase;
			buildActionMask = 2147483647;
			files = (
			);
			runOnlyForDeploymentPostprocessing = 0;
		};
		91CF2DFE2755D82800D908CB /* Frameworks */ = {
			isa = PBXFrameworksBuildPhase;
			buildActionMask = 2147483647;
			files = (
			);
			runOnlyForDeploymentPostprocessing = 0;
		};
/* End PBXFrameworksBuildPhase section */

/* Begin PBXGroup section */
		91CF2DD82755D82700D908CB = {
			isa = PBXGroup;
			children = (
				91CF2DE32755D82700D908CB /* DrawTriangle */,
				91CF2DFA2755D82800D908CB /* DrawTriangleTests */,
				91CF2E042755D82800D908CB /* DrawTriangleUITests */,
				91CF2DE22755D82700D908CB /* Products */,
			);
			sourceTree = "<group>";
		};
		91CF2DE22755D82700D908CB /* Products */ = {
			isa = PBXGroup;
			children = (
				91CF2DE12755D82700D908CB /* DrawTriangle.app */,
				91CF2DF72755D82800D908CB /* DrawTriangleTests.xctest */,
				91CF2E012755D82800D908CB /* DrawTriangleUITests.xctest */,
			);
			name = Products;
			sourceTree = "<group>";
		};
		91CF2DE32755D82700D908CB /* DrawTriangle */ = {
			isa = PBXGroup;
			children = (
				91CF2DE42755D82700D908CB /* AppDelegate.swift */,
				91CF2DE62755D82700D908CB /* SceneDelegate.swift */,
				91CF2DE82755D82700D908CB /* ViewController.swift */,
				91CF2DEA2755D82700D908CB /* Main.storyboard */,
				91CF2DED2755D82800D908CB /* Assets.xcassets */,
				91CF2DEF2755D82800D908CB /* LaunchScreen.storyboard */,
				91CF2DF22755D82800D908CB /* Info.plist */,
			);
			path = DrawTriangle;
			sourceTree = "<group>";
		};
		91CF2DFA2755D82800D908CB /* DrawTriangleTests */ = {
			isa = PBXGroup;
			children = (
				91CF2DFB2755D82800D908CB /* DrawTriangleTests.swift */,
			);
			path = DrawTriangleTests;
			sourceTree = "<group>";
		};
		91CF2E042755D82800D908CB /* DrawTriangleUITests */ = {
			isa = PBXGroup;
			children = (
				91CF2E052755D82800D908CB /* DrawTriangleUITests.swift */,
				91CF2E072755D82800D908CB /* DrawTriangleUITestsLaunchTests.swift */,
			);
			path = DrawTriangleUITests;
			sourceTree = "<group>";
		};
/* End PBXGroup section */

/* Begin PBXNativeTarget section */
		91CF2DE02755D82700D908CB /* DrawTriangle */ = {
			isa = PBXNativeTarget;
			buildConfigurationList = 91CF2E0B2755D82800D908CB /* Build configuration list for PBXNativeTarget "DrawTriangle" */;
			buildPhases = (
				91CF2DDD2755D82700D908CB /* Sources */,
				91CF2DDE2755D82700D908CB /* Frameworks */,
				91CF2DDF2755D82700D908CB /* Resources */,
			);
			buildRules = (
			);
			dependencies = (
			);
			name = DrawTriangle;
			productName = DrawTriangle;
			productReference = 91CF2DE12755D82700D908CB /* DrawTriangle.app */;
			productType = "com.apple.product-type.application";
		};
		91CF2DF62755D82800D908CB /* DrawTriangleTests */ = {
			isa = PBXNativeTarget;
			buildConfigurationList = 91CF2E0E2755D82800D908CB /* Build configuration list for PBXNativeTarget "DrawTriangleTests" */;
			buildPhases = (
				91CF2DF32755D82800D908CB /* Sources */,
				91CF2DF42755D82800D908CB /* Frameworks */,
				91CF2DF52755D82800D908CB /* Resources */,
			);
			buildRules = (
			);
			dependencies = (
				91CF2DF92755D82800D908CB /* PBXTargetDependency */,
			);
			name = DrawTriangleTests;
			productName = DrawTriangleTests;
			productReference = 91CF2DF72755D82800D908CB /* DrawTriangleTests.xctest */;
			productType = "com.apple.product-type.bundle.unit-test";
		};
		91CF2E002755D82800D908CB /* DrawTriangleUITests */ = {
			isa = PBXNativeTarget;
			buildConfigurationList = 91CF2E112755D82800D908CB /* Build configuration list for PBXNativeTarget "DrawTriangleUITests" */;
			buildPhases = (
				91CF2DFD2755D82800D908CB /* Sources */,
				91CF2DFE2755D82800D908CB /* Frameworks */,
				91CF2DFF2755D82800D908CB /* Resources */,
			);
			buildRules = (
			);
			dependencies = (
				91CF2E032755D82800D908CB /* PBXTargetDependency */,
			);
			name = DrawTriangleUITests;
			productName = DrawTriangleUITests;
			productReference = 91CF2E012755D82800D908CB /* DrawTriangleUITests.xctest */;
			productType = "com.apple.product-type.bundle.ui-testing";
		};
/* End PBXNativeTarget section */

/* Begin PBXProject section */
		91CF2DD92755D82700D908CB /* Project object */ = {
			isa = PBXProject;
			attributes = {
				BuildIndependentTargetsInParallel = 1;
				LastSwiftUpdateCheck = 1310;
				LastUpgradeCheck = 1310;
				TargetAttributes = {
					91CF2DE02755D82700D908CB = {
						CreatedOnToolsVersion = 13.1;
					};
					91CF2DF62755D82800D908CB = {
						CreatedOnToolsVersion = 13.1;
						TestTargetID = 91CF2DE02755D82700D908CB;
					};
					91CF2E002755D82800D908CB = {
						CreatedOnToolsVersion = 13.1;
						TestTargetID = 91CF2DE02755D82700D908CB;
					};
				};
			};
			buildConfigurationList = 91CF2DDC2755D82700D908CB /* Build configuration list for PBXProject "DrawTriangle" */;
			compatibilityVersion = "Xcode 13.0";
			developmentRegion = en;
			hasScannedForEncodings = 0;
			knownRegions = (
				en,
				Base,
			);
			mainGroup = 91CF2DD82755D82700D908CB;
			productRefGroup = 91CF2DE22755D82700D908CB /* Products */;
			projectDirPath = "";
			projectRoot = "";
			targets = (
				91CF2DE02755D82700D908CB /* DrawTriangle */,
				91CF2DF62755D82800D908CB /* DrawTriangleTests */,
				91CF2E002755D82800D908CB /* DrawTriangleUITests */,
			);
		};
/* End PBXProject section */

/* Begin PBXResourcesBuildPhase section */
		91CF2DDF2755D82700D908CB /* Resources */ = {
			isa = PBXResourcesBuildPhase;
			buildActionMask = 2147483647;
			files = (
				91CF2DF12755D82800D908CB /* LaunchScreen.storyboard in Resources */,
				91CF2DEE2755D82800D908CB /* Assets.xcassets in Resources */,
				91CF2DEC2755D82700D908CB /* Main.storyboard in Resources */,
			);
			runOnlyForDeploymentPostprocessing = 0;
		};
		91CF2DF52755D82800D908CB /* Resources */ = {
			isa = PBXResourcesBuildPhase;
			buildActionMask = 2147483647;
			files = (
			);
			runOnlyForDeploymentPostprocessing = 0;
		};
		91CF2DFF2755D82800D908CB /* Resources */ = {
			isa = PBXResourcesBuildPhase;
			buildActionMask = 2147483647;
			files = (
			);
			runOnlyForDeploymentPostprocessing = 0;
		};
/* End PBXResourcesBuildPhase section */

/* Begin PBXSourcesBuildPhase section */
		91CF2DDD2755D82700D908CB /* Sources */ = {
			isa = PBXSourcesBuildPhase;
			buildActionMask = 2147483647;
			files = (
				91CF2DE92755D82700D908CB /* ViewController.swift in Sources */,
				91CF2DE52755D82700D908CB /* AppDelegate.swift in Sources */,
				91CF2DE72755D82700D908CB /* SceneDelegate.swift in Sources */,
			);
			runOnlyForDeploymentPostprocessing = 0;
		};
		91CF2DF32755D82800D908CB /* Sources */ = {
			isa = PBXSourcesBuildPhase;
			buildActionMask = 2147483647;
			files = (
				91CF2DFC2755D82800D908CB /* DrawTriangleTests.swift in Sources */,
			);
			runOnlyForDeploymentPostprocessing = 0;
		};
		91CF2DFD2755D82800D908CB /* Sources */ = {
			isa = PBXSourcesBuildPhase;
			buildActionMask = 2147483647;
			files = (
				91CF2E082755D82800D908CB /* DrawTriangleUITestsLaunchTests.swift in Sources */,
				91CF2E062755D82800D908CB /* DrawTriangleUITests.swift in Sources */,
			);
			runOnlyForDeploymentPostprocessing = 0;
		};
/* End PBXSourcesBuildPhase section */

/* Begin PBXTargetDependency section */
		91CF2DF92755D82800D908CB /* PBXTargetDependency */ = {
			isa = PBXTargetDependency;
			target = 91CF2DE02755D82700D908CB /* DrawTriangle */;
			targetProxy = 91CF2DF82755D82800D908CB /* PBXContainerItemProxy */;
		};
		91CF2E032755D82800D908CB /* PBXTargetDependency */ = {
			isa = PBXTargetDependency;
			target = 91CF2DE02755D82700D908CB /* DrawTriangle */;
			targetProxy = 91CF2E022755D82800D908CB /* PBXContainerItemProxy */;
		};
/* End PBXTargetDependency section */

/* Begin PBXVariantGroup section */
		91CF2DEA2755D82700D908CB /* Main.storyboard */ = {
			isa = PBXVariantGroup;
			children = (
				91CF2DEB2755D82700D908CB /* Base */,
			);
			name = Main.storyboard;
			sourceTree = "<group>";
		};
		91CF2DEF2755D82800D908CB /* LaunchScreen.storyboard */ = {
			isa = PBXVariantGroup;
			children = (
				91CF2DF02755D82800D908CB /* Base */,
			);
			name = LaunchScreen.storyboard;
			sourceTree = "<group>";
		};
/* End PBXVariantGroup section */

/* Begin XCBuildConfiguration section */
		91CF2E092755D82800D908CB /* Debug */ = {
			isa = XCBuildConfiguration;
			buildSettings = {
				ALWAYS_SEARCH_USER_PATHS = NO;
				CLANG_ANALYZER_NONNULL = YES;
				CLANG_ANALYZER_NUMBER_OBJECT_CONVERSION = YES_AGGRESSIVE;
				CLANG_CXX_LANGUAGE_STANDARD = "gnu++17";
				CLANG_CXX_LIBRARY = "libc++";
				CLANG_ENABLE_MODULES = YES;
				CLANG_ENABLE_OBJC_ARC = YES;
				CLANG_ENABLE_OBJC_WEAK = YES;
				CLANG_WARN_BLOCK_CAPTURE_AUTORELEASING = YES;
				CLANG_WARN_BOOL_CONVERSION = YES;
				CLANG_WARN_COMMA = YES;
				CLANG_WARN_CONSTANT_CONVERSION = YES;
				CLANG_WARN_DEPRECATED_OBJC_IMPLEMENTATIONS = YES;
				CLANG_WARN_DIRECT_OBJC_ISA_USAGE = YES_ERROR;
				CLANG_WARN_DOCUMENTATION_COMMENTS = YES;
				CLANG_WARN_EMPTY_BODY = YES;
				CLANG_WARN_ENUM_CONVERSION = YES;
				CLANG_WARN_INFINITE_RECURSION = YES;
				CLANG_WARN_INT_CONVERSION = YES;
				CLANG_WARN_NON_LITERAL_NULL_CONVERSION = YES;
				CLANG_WARN_OBJC_IMPLICIT_RETAIN_SELF = YES;
				CLANG_WARN_OBJC_LITERAL_CONVERSION = YES;
				CLANG_WARN_OBJC_ROOT_CLASS = YES_ERROR;
				CLANG_WARN_QUOTED_INCLUDE_IN_FRAMEWORK_HEADER = YES;
				CLANG_WARN_RANGE_LOOP_ANALYSIS = YES;
				CLANG_WARN_STRICT_PROTOTYPES = YES;
				CLANG_WARN_SUSPICIOUS_MOVE = YES;
				CLANG_WARN_UNGUARDED_AVAILABILITY = YES_AGGRESSIVE;
				CLANG_WARN_UNREACHABLE_CODE = YES;
				CLANG_WARN__DUPLICATE_METHOD_MATCH = YES;
				COPY_PHASE_STRIP = NO;
				DEBUG_INFORMATION_FORMAT = dwarf;
				ENABLE_STRICT_OBJC_MSGSEND = YES;
				ENABLE_TESTABILITY = YES;
				GCC_C_LANGUAGE_STANDARD = gnu11;
				GCC_DYNAMIC_NO_PIC = NO;
				GCC_NO_COMMON_BLOCKS = YES;
				GCC_OPTIMIZATION_LEVEL = 0;
				GCC_PREPROCESSOR_DEFINITIONS = (
					"DEBUG=1",
					"$(inherited)",
				);
				GCC_WARN_64_TO_32_BIT_CONVERSION = YES;
				GCC_WARN_ABOUT_RETURN_TYPE = YES_ERROR;
				GCC_WARN_UNDECLARED_SELECTOR = YES;
				GCC_WARN_UNINITIALIZED_AUTOS = YES_AGGRESSIVE;
				GCC_WARN_UNUSED_FUNCTION = YES;
				GCC_WARN_UNUSED_VARIABLE = YES;
				IPHONEOS_DEPLOYMENT_TARGET = 15.0;
				MTL_ENABLE_DEBUG_INFO = INCLUDE_SOURCE;
				MTL_FAST_MATH = YES;
				ONLY_ACTIVE_ARCH = YES;
				SDKROOT = iphoneos;
				SWIFT_ACTIVE_COMPILATION_CONDITIONS = DEBUG;
				SWIFT_OPTIMIZATION_LEVEL = "-Onone";
			};
			name = Debug;
		};
		91CF2E0A2755D82800D908CB /* Release */ = {
			isa = XCBuildConfiguration;
			buildSettings = {
				ALWAYS_SEARCH_USER_PATHS = NO;
				CLANG_ANALYZER_NONNULL = YES;
				CLANG_ANALYZER_NUMBER_OBJECT_CONVERSION = YES_AGGRESSIVE;
				CLANG_CXX_LANGUAGE_STANDARD = "gnu++17";
				CLANG_CXX_LIBRARY = "libc++";
				CLANG_ENABLE_MODULES = YES;
				CLANG_ENABLE_OBJC_ARC = YES;
				CLANG_ENABLE_OBJC_WEAK = YES;
				CLANG_WARN_BLOCK_CAPTURE_AUTORELEASING = YES;
				CLANG_WARN_BOOL_CONVERSION = YES;
				CLANG_WARN_COMMA = YES;
				CLANG_WARN_CONSTANT_CONVERSION = YES;
				CLANG_WARN_DEPRECATED_OBJC_IMPLEMENTATIONS = YES;
				CLANG_WARN_DIRECT_OBJC_ISA_USAGE = YES_ERROR;
				CLANG_WARN_DOCUMENTATION_COMMENTS = YES;
				CLANG_WARN_EMPTY_BODY = YES;
				CLANG_WARN_ENUM_CONVERSION = YES;
				CLANG_WARN_INFINITE_RECURSION = YES;
				CLANG_WARN_INT_CONVERSION = YES;
				CLANG_WARN_NON_LITERAL_NULL_CONVERSION = YES;
				CLANG_WARN_OBJC_IMPLICIT_RETAIN_SELF = YES;
				CLANG_WARN_OBJC_LITERAL_CONVERSION = YES;
				CLANG_WARN_OBJC_ROOT_CLASS = YES_ERROR;
				CLANG_WARN_QUOTED_INCLUDE_IN_FRAMEWORK_HEADER = YES;
				CLANG_WARN_RANGE_LOOP_ANALYSIS = YES;
				CLANG_WARN_STRICT_PROTOTYPES = YES;
				CLANG_WARN_SUSPICIOUS_MOVE = YES;
				CLANG_WARN_UNGUARDED_AVAILABILITY = YES_AGGRESSIVE;
				CLANG_WARN_UNREACHABLE_CODE = YES;
				CLANG_WARN__DUPLICATE_METHOD_MATCH = YES;
				COPY_PHASE_STRIP = NO;
				DEBUG_INFORMATION_FORMAT = "dwarf-with-dsym";
				ENABLE_NS_ASSERTIONS = NO;
				ENABLE_STRICT_OBJC_MSGSEND = YES;
				GCC_C_LANGUAGE_STANDARD = gnu11;
				GCC_NO_COMMON_BLOCKS = YES;
				GCC_WARN_64_TO_32_BIT_CONVERSION = YES;
				GCC_WARN_ABOUT_RETURN_TYPE = YES_ERROR;
				GCC_WARN_UNDECLARED_SELECTOR = YES;
				GCC_WARN_UNINITIALIZED_AUTOS = YES_AGGRESSIVE;
				GCC_WARN_UNUSED_FUNCTION = YES;
				GCC_WARN_UNUSED_VARIABLE = YES;
				IPHONEOS_DEPLOYMENT_TARGET = 15.0;
				MTL_ENABLE_DEBUG_INFO = NO;
				MTL_FAST_MATH = YES;
				SDKROOT = iphoneos;
				SWIFT_COMPILATION_MODE = wholemodule;
				SWIFT_OPTIMIZATION_LEVEL = "-O";
				VALIDATE_PRODUCT = YES;
			};
			name = Release;
		};
		91CF2E0C2755D82800D908CB /* Debug */ = {
			isa = XCBuildConfiguration;
			buildSettings = {
				ASSETCATALOG_COMPILER_APPICON_NAME = AppIcon;
				ASSETCATALOG_COMPILER_GLOBAL_ACCENT_COLOR_NAME = AccentColor;
				CODE_SIGN_STYLE = Automatic;
				CURRENT_PROJECT_VERSION = 1;
				DEVELOPMENT_TEAM = A3639RGZ9S;
				GENERATE_INFOPLIST_FILE = YES;
				INFOPLIST_FILE = DrawTriangle/Info.plist;
				INFOPLIST_KEY_UIApplicationSupportsIndirectInputEvents = YES;
				INFOPLIST_KEY_UILaunchStoryboardName = LaunchScreen;
				INFOPLIST_KEY_UIMainStoryboardFile = Main;
				INFOPLIST_KEY_UISupportedInterfaceOrientations_iPad = "UIInterfaceOrientationPortrait UIInterfaceOrientationPortraitUpsideDown UIInterfaceOrientationLandscapeLeft UIInterfaceOrientationLandscapeRight";
				INFOPLIST_KEY_UISupportedInterfaceOrientations_iPhone = "UIInterfaceOrientationPortrait UIInterfaceOrientationLandscapeLeft UIInterfaceOrientationLandscapeRight";
				LD_RUNPATH_SEARCH_PATHS = (
					"$(inherited)",
					"@executable_path/Frameworks",
				);
				MARKETING_VERSION = 1.0;
				PRODUCT_BUNDLE_IDENTIFIER = com.dvergsten.DrawTriangle;
				PRODUCT_NAME = "$(TARGET_NAME)";
				SWIFT_EMIT_LOC_STRINGS = YES;
				SWIFT_VERSION = 5.0;
				TARGETED_DEVICE_FAMILY = "1,2";
			};
			name = Debug;
		};
		91CF2E0D2755D82800D908CB /* Release */ = {
			isa = XCBuildConfiguration;
			buildSettings = {
				ASSETCATALOG_COMPILER_APPICON_NAME = AppIcon;
				ASSETCATALOG_COMPILER_GLOBAL_ACCENT_COLOR_NAME = AccentColor;
				CODE_SIGN_STYLE = Automatic;
				CURRENT_PROJECT_VERSION = 1;
				DEVELOPMENT_TEAM = A3639RGZ9S;
				GENERATE_INFOPLIST_FILE = YES;
				INFOPLIST_FILE = DrawTriangle/Info.plist;
				INFOPLIST_KEY_UIApplicationSupportsIndirectInputEvents = YES;
				INFOPLIST_KEY_UILaunchStoryboardName = LaunchScreen;
				INFOPLIST_KEY_UIMainStoryboardFile = Main;
				INFOPLIST_KEY_UISupportedInterfaceOrientations_iPad = "UIInterfaceOrientationPortrait UIInterfaceOrientationPortraitUpsideDown UIInterfaceOrientationLandscapeLeft UIInterfaceOrientationLandscapeRight";
				INFOPLIST_KEY_UISupportedInterfaceOrientations_iPhone = "UIInterfaceOrientationPortrait UIInterfaceOrientationLandscapeLeft UIInterfaceOrientationLandscapeRight";
				LD_RUNPATH_SEARCH_PATHS = (
					"$(inherited)",
					"@executable_path/Frameworks",
				);
				MARKETING_VERSION = 1.0;
				PRODUCT_BUNDLE_IDENTIFIER = com.dvergsten.DrawTriangle;
				PRODUCT_NAME = "$(TARGET_NAME)";
				SWIFT_EMIT_LOC_STRINGS = YES;
				SWIFT_VERSION = 5.0;
				TARGETED_DEVICE_FAMILY = "1,2";
			};
			name = Release;
		};
		91CF2E0F2755D82800D908CB /* Debug */ = {
			isa = XCBuildConfiguration;
			buildSettings = {
				ALWAYS_EMBED_SWIFT_STANDARD_LIBRARIES = YES;
				BUNDLE_LOADER = "$(TEST_HOST)";
				CODE_SIGN_STYLE = Automatic;
				CURRENT_PROJECT_VERSION = 1;
				DEVELOPMENT_TEAM = A3639RGZ9S;
				GENERATE_INFOPLIST_FILE = YES;
				IPHONEOS_DEPLOYMENT_TARGET = 15.0;
				LD_RUNPATH_SEARCH_PATHS = (
					"$(inherited)",
					"@executable_path/Frameworks",
					"@loader_path/Frameworks",
				);
				MARKETING_VERSION = 1.0;
				PRODUCT_BUNDLE_IDENTIFIER = com.dvergsten.DrawTriangleTests;
				PRODUCT_NAME = "$(TARGET_NAME)";
				SWIFT_EMIT_LOC_STRINGS = NO;
				SWIFT_VERSION = 5.0;
				TARGETED_DEVICE_FAMILY = "1,2";
				TEST_HOST = "$(BUILT_PRODUCTS_DIR)/DrawTriangle.app/DrawTriangle";
			};
			name = Debug;
		};
		91CF2E102755D82800D908CB /* Release */ = {
			isa = XCBuildConfiguration;
			buildSettings = {
				ALWAYS_EMBED_SWIFT_STANDARD_LIBRARIES = YES;
				BUNDLE_LOADER = "$(TEST_HOST)";
				CODE_SIGN_STYLE = Automatic;
				CURRENT_PROJECT_VERSION = 1;
				DEVELOPMENT_TEAM = A3639RGZ9S;
				GENERATE_INFOPLIST_FILE = YES;
				IPHONEOS_DEPLOYMENT_TARGET = 15.0;
				LD_RUNPATH_SEARCH_PATHS = (
					"$(inherited)",
					"@executable_path/Frameworks",
					"@loader_path/Frameworks",
				);
				MARKETING_VERSION = 1.0;
				PRODUCT_BUNDLE_IDENTIFIER = com.dvergsten.DrawTriangleTests;
				PRODUCT_NAME = "$(TARGET_NAME)";
				SWIFT_EMIT_LOC_STRINGS = NO;
				SWIFT_VERSION = 5.0;
				TARGETED_DEVICE_FAMILY = "1,2";
				TEST_HOST = "$(BUILT_PRODUCTS_DIR)/DrawTriangle.app/DrawTriangle";
			};
			name = Release;
		};
		91CF2E122755D82800D908CB /* Debug */ = {
			isa = XCBuildConfiguration;
			buildSettings = {
				ALWAYS_EMBED_SWIFT_STANDARD_LIBRARIES = YES;
				CODE_SIGN_STYLE = Automatic;
				CURRENT_PROJECT_VERSION = 1;
				DEVELOPMENT_TEAM = A3639RGZ9S;
				GENERATE_INFOPLIST_FILE = YES;
				LD_RUNPATH_SEARCH_PATHS = (
					"$(inherited)",
					"@executable_path/Frameworks",
					"@loader_path/Frameworks",
				);
				MARKETING_VERSION = 1.0;
				PRODUCT_BUNDLE_IDENTIFIER = com.dvergsten.DrawTriangleUITests;
				PRODUCT_NAME = "$(TARGET_NAME)";
				SWIFT_EMIT_LOC_STRINGS = NO;
				SWIFT_VERSION = 5.0;
				TARGETED_DEVICE_FAMILY = "1,2";
				TEST_TARGET_NAME = DrawTriangle;
			};
			name = Debug;
		};
		91CF2E132755D82800D908CB /* Release */ = {
			isa = XCBuildConfiguration;
			buildSettings = {
				ALWAYS_EMBED_SWIFT_STANDARD_LIBRARIES = YES;
				CODE_SIGN_STYLE = Automatic;
				CURRENT_PROJECT_VERSION = 1;
				DEVELOPMENT_TEAM = A3639RGZ9S;
				GENERATE_INFOPLIST_FILE = YES;
				LD_RUNPATH_SEARCH_PATHS = (
					"$(inherited)",
					"@executable_path/Frameworks",
					"@loader_path/Frameworks",
				);
				MARKETING_VERSION = 1.0;
				PRODUCT_BUNDLE_IDENTIFIER = com.dvergsten.DrawTriangleUITests;
				PRODUCT_NAME = "$(TARGET_NAME)";
				SWIFT_EMIT_LOC_STRINGS = NO;
				SWIFT_VERSION = 5.0;
				TARGETED_DEVICE_FAMILY = "1,2";
				TEST_TARGET_NAME = DrawTriangle;
			};
			name = Release;
		};
/* End XCBuildConfiguration section */

/* Begin XCConfigurationList section */
		91CF2DDC2755D82700D908CB /* Build configuration list for PBXProject "DrawTriangle" */ = {
			isa = XCConfigurationList;
			buildConfigurations = (
				91CF2E092755D82800D908CB /* Debug */,
				91CF2E0A2755D82800D908CB /* Release */,
			);
			defaultConfigurationIsVisible = 0;
			defaultConfigurationName = Release;
		};
		91CF2E0B2755D82800D908CB /* Build configuration list for PBXNativeTarget "DrawTriangle" */ = {
			isa = XCConfigurationList;
			buildConfigurations = (
				91CF2E0C2755D82800D908CB /* Debug */,
				91CF2E0D2755D82800D908CB /* Release */,
			);
			defaultConfigurationIsVisible = 0;
			defaultConfigurationName = Release;
		};
		91CF2E0E2755D82800D908CB /* Build configuration list for PBXNativeTarget "DrawTriangleTests" */ = {
			isa = XCConfigurationList;
			buildConfigurations = (
				91CF2E0F2755D82800D908CB /* Debug */,
				91CF2E102755D82800D908CB /* Release */,
			);
			defaultConfigurationIsVisible = 0;
			defaultConfigurationName = Release;
		};
		91CF2E112755D82800D908CB /* Build configuration list for PBXNativeTarget "DrawTriangleUITests" */ = {
			isa = XCConfigurationList;
			buildConfigurations = (
				91CF2E122755D82800D908CB /* Debug */,
				91CF2E132755D82800D908CB /* Release */,
			);
			defaultConfigurationIsVisible = 0;
			defaultConfigurationName = Release;
		};
/* End XCConfigurationList section */
	};
	rootObject = 91CF2DD92755D82700D908CB /* Project object */;
}
