// !$*UTF8*$!
{
	archiveVersion = 1;
	classes = {
	};
	objectVersion = 55;
	objects = {

/* Begin PBXBuildFile section */
		915AB014277C71F300360C19 /* MathLirbrary.swift in Sources */ = {isa = PBXBuildFile; fileRef = 915AB013277C71F300360C19 /* MathLirbrary.swift */; };
		915AB016277D38CB00360C19 /* Cube.swift in Sources */ = {isa = PBXBuildFile; fileRef = 915AB015277D38CB00360C19 /* Cube.swift */; };
		91C43B9C276A319A00AC9C68 /* AppDelegate.swift in Sources */ = {isa = PBXBuildFile; fileRef = 91C43B9B276A319A00AC9C68 /* AppDelegate.swift */; };
		91C43B9E276A319A00AC9C68 /* SceneDelegate.swift in Sources */ = {isa = PBXBuildFile; fileRef = 91C43B9D276A319A00AC9C68 /* SceneDelegate.swift */; };
		91C43BA0276A319A00AC9C68 /* ViewController.swift in Sources */ = {isa = PBXBuildFile; fileRef = 91C43B9F276A319A00AC9C68 /* ViewController.swift */; };
		91C43BA3276A319A00AC9C68 /* Main.storyboard in Resources */ = {isa = PBXBuildFile; fileRef = 91C43BA1276A319A00AC9C68 /* Main.storyboard */; };
		91C43BA5276A319A00AC9C68 /* Assets.xcassets in Resources */ = {isa = PBXBuildFile; fileRef = 91C43BA4276A319A00AC9C68 /* Assets.xcassets */; };
		91C43BA8276A319A00AC9C68 /* LaunchScreen.storyboard in Resources */ = {isa = PBXBuildFile; fileRef = 91C43BA6276A319A00AC9C68 /* LaunchScreen.storyboard */; };
		91C43BB3276A319A00AC9C68 /* metalWithoutModelIOTests.swift in Sources */ = {isa = PBXBuildFile; fileRef = 91C43BB2276A319A00AC9C68 /* metalWithoutModelIOTests.swift */; };
		91C43BBD276A319A00AC9C68 /* metalWithoutModelIOUITests.swift in Sources */ = {isa = PBXBuildFile; fileRef = 91C43BBC276A319A00AC9C68 /* metalWithoutModelIOUITests.swift */; };
		91C43BBF276A319A00AC9C68 /* metalWithoutModelIOUITestsLaunchTests.swift in Sources */ = {isa = PBXBuildFile; fileRef = 91C43BBE276A319A00AC9C68 /* metalWithoutModelIOUITestsLaunchTests.swift */; };
		91C43BCC276A31ED00AC9C68 /* Shaders.metal in Sources */ = {isa = PBXBuildFile; fileRef = 91C43BCB276A31ED00AC9C68 /* Shaders.metal */; };
		91C43BCF276A43E700AC9C68 /* RendererDD.swift in Sources */ = {isa = PBXBuildFile; fileRef = 91C43BCE276A43E700AC9C68 /* RendererDD.swift */; };
/* End PBXBuildFile section */

/* Begin PBXContainerItemProxy section */
		91C43BAF276A319A00AC9C68 /* PBXContainerItemProxy */ = {
			isa = PBXContainerItemProxy;
			containerPortal = 91C43B90276A319A00AC9C68 /* Project object */;
			proxyType = 1;
			remoteGlobalIDString = 91C43B97276A319A00AC9C68;
			remoteInfo = metalWithoutModelIO;
		};
		91C43BB9276A319A00AC9C68 /* PBXContainerItemProxy */ = {
			isa = PBXContainerItemProxy;
			containerPortal = 91C43B90276A319A00AC9C68 /* Project object */;
			proxyType = 1;
			remoteGlobalIDString = 91C43B97276A319A00AC9C68;
			remoteInfo = metalWithoutModelIO;
		};
/* End PBXContainerItemProxy section */

/* Begin PBXFileReference section */
		915AB013277C71F300360C19 /* MathLirbrary.swift */ = {isa = PBXFileReference; lastKnownFileType = sourcecode.swift; path = MathLirbrary.swift; sourceTree = "<group>"; };
		915AB015277D38CB00360C19 /* Cube.swift */ = {isa = PBXFileReference; lastKnownFileType = sourcecode.swift; path = Cube.swift; sourceTree = "<group>"; };
		91C43B98276A319A00AC9C68 /* metalWithoutModelIO.app */ = {isa = PBXFileReference; explicitFileType = wrapper.application; includeInIndex = 0; path = metalWithoutModelIO.app; sourceTree = BUILT_PRODUCTS_DIR; };
		91C43B9B276A319A00AC9C68 /* AppDelegate.swift */ = {isa = PBXFileReference; lastKnownFileType = sourcecode.swift; path = AppDelegate.swift; sourceTree = "<group>"; };
		91C43B9D276A319A00AC9C68 /* SceneDelegate.swift */ = {isa = PBXFileReference; lastKnownFileType = sourcecode.swift; path = SceneDelegate.swift; sourceTree = "<group>"; };
		91C43B9F276A319A00AC9C68 /* ViewController.swift */ = {isa = PBXFileReference; lastKnownFileType = sourcecode.swift; path = ViewController.swift; sourceTree = "<group>"; };
		91C43BA2276A319A00AC9C68 /* Base */ = {isa = PBXFileReference; lastKnownFileType = file.storyboard; name = Base; path = Base.lproj/Main.storyboard; sourceTree = "<group>"; };
		91C43BA4276A319A00AC9C68 /* Assets.xcassets */ = {isa = PBXFileReference; lastKnownFileType = folder.assetcatalog; path = Assets.xcassets; sourceTree = "<group>"; };
		91C43BA7276A319A00AC9C68 /* Base */ = {isa = PBXFileReference; lastKnownFileType = file.storyboard; name = Base; path = Base.lproj/LaunchScreen.storyboard; sourceTree = "<group>"; };
		91C43BA9276A319A00AC9C68 /* Info.plist */ = {isa = PBXFileReference; lastKnownFileType = text.plist.xml; path = Info.plist; sourceTree = "<group>"; };
		91C43BAE276A319A00AC9C68 /* metalWithoutModelIOTests.xctest */ = {isa = PBXFileReference; explicitFileType = wrapper.cfbundle; includeInIndex = 0; path = metalWithoutModelIOTests.xctest; sourceTree = BUILT_PRODUCTS_DIR; };
		91C43BB2276A319A00AC9C68 /* metalWithoutModelIOTests.swift */ = {isa = PBXFileReference; lastKnownFileType = sourcecode.swift; path = metalWithoutModelIOTests.swift; sourceTree = "<group>"; };
		91C43BB8276A319A00AC9C68 /* metalWithoutModelIOUITests.xctest */ = {isa = PBXFileReference; explicitFileType = wrapper.cfbundle; includeInIndex = 0; path = metalWithoutModelIOUITests.xctest; sourceTree = BUILT_PRODUCTS_DIR; };
		91C43BBC276A319A00AC9C68 /* metalWithoutModelIOUITests.swift */ = {isa = PBXFileReference; lastKnownFileType = sourcecode.swift; path = metalWithoutModelIOUITests.swift; sourceTree = "<group>"; };
		91C43BBE276A319A00AC9C68 /* metalWithoutModelIOUITestsLaunchTests.swift */ = {isa = PBXFileReference; lastKnownFileType = sourcecode.swift; path = metalWithoutModelIOUITestsLaunchTests.swift; sourceTree = "<group>"; };
		91C43BCB276A31ED00AC9C68 /* Shaders.metal */ = {isa = PBXFileReference; lastKnownFileType = sourcecode.metal; path = Shaders.metal; sourceTree = "<group>"; };
		91C43BCD276A329600AC9C68 /* AAPLShaderTypes.h */ = {isa = PBXFileReference; lastKnownFileType = sourcecode.c.h; path = AAPLShaderTypes.h; sourceTree = "<group>"; };
		91C43BCE276A43E700AC9C68 /* RendererDD.swift */ = {isa = PBXFileReference; lastKnownFileType = sourcecode.swift; path = RendererDD.swift; sourceTree = "<group>"; };
/* End PBXFileReference section */

/* Begin PBXFrameworksBuildPhase section */
		91C43B95276A319A00AC9C68 /* Frameworks */ = {
			isa = PBXFrameworksBuildPhase;
			buildActionMask = 2147483647;
			files = (
			);
			runOnlyForDeploymentPostprocessing = 0;
		};
		91C43BAB276A319A00AC9C68 /* Frameworks */ = {
			isa = PBXFrameworksBuildPhase;
			buildActionMask = 2147483647;
			files = (
			);
			runOnlyForDeploymentPostprocessing = 0;
		};
		91C43BB5276A319A00AC9C68 /* Frameworks */ = {
			isa = PBXFrameworksBuildPhase;
			buildActionMask = 2147483647;
			files = (
			);
			runOnlyForDeploymentPostprocessing = 0;
		};
/* End PBXFrameworksBuildPhase section */

/* Begin PBXGroup section */
		915AB012277C71D600360C19 /* Utility */ = {
			isa = PBXGroup;
			children = (
				915AB013277C71F300360C19 /* MathLirbrary.swift */,
			);
			path = Utility;
			sourceTree = "<group>";
		};
		91C43B8F276A319A00AC9C68 = {
			isa = PBXGroup;
			children = (
				915AB012277C71D600360C19 /* Utility */,
				91C43B9A276A319A00AC9C68 /* metalWithoutModelIO */,
				91C43BB1276A319A00AC9C68 /* metalWithoutModelIOTests */,
				91C43BBB276A319A00AC9C68 /* metalWithoutModelIOUITests */,
				91C43B99276A319A00AC9C68 /* Products */,
			);
			sourceTree = "<group>";
		};
		91C43B99276A319A00AC9C68 /* Products */ = {
			isa = PBXGroup;
			children = (
				91C43B98276A319A00AC9C68 /* metalWithoutModelIO.app */,
				91C43BAE276A319A00AC9C68 /* metalWithoutModelIOTests.xctest */,
				91C43BB8276A319A00AC9C68 /* metalWithoutModelIOUITests.xctest */,
			);
			name = Products;
			sourceTree = "<group>";
		};
		91C43B9A276A319A00AC9C68 /* metalWithoutModelIO */ = {
			isa = PBXGroup;
			children = (
				91C43B9B276A319A00AC9C68 /* AppDelegate.swift */,
				91C43B9D276A319A00AC9C68 /* SceneDelegate.swift */,
				91C43B9F276A319A00AC9C68 /* ViewController.swift */,
				91C43BCE276A43E700AC9C68 /* RendererDD.swift */,
				91C43BA1276A319A00AC9C68 /* Main.storyboard */,
				91C43BA4276A319A00AC9C68 /* Assets.xcassets */,
				91C43BA6276A319A00AC9C68 /* LaunchScreen.storyboard */,
				91C43BA9276A319A00AC9C68 /* Info.plist */,
				91C43BCB276A31ED00AC9C68 /* Shaders.metal */,
				91C43BCD276A329600AC9C68 /* AAPLShaderTypes.h */,
				915AB015277D38CB00360C19 /* Cube.swift */,
			);
			path = metalWithoutModelIO;
			sourceTree = "<group>";
		};
		91C43BB1276A319A00AC9C68 /* metalWithoutModelIOTests */ = {
			isa = PBXGroup;
			children = (
				91C43BB2276A319A00AC9C68 /* metalWithoutModelIOTests.swift */,
			);
			path = metalWithoutModelIOTests;
			sourceTree = "<group>";
		};
		91C43BBB276A319A00AC9C68 /* metalWithoutModelIOUITests */ = {
			isa = PBXGroup;
			children = (
				91C43BBC276A319A00AC9C68 /* metalWithoutModelIOUITests.swift */,
				91C43BBE276A319A00AC9C68 /* metalWithoutModelIOUITestsLaunchTests.swift */,
			);
			path = metalWithoutModelIOUITests;
			sourceTree = "<group>";
		};
/* End PBXGroup section */

/* Begin PBXNativeTarget section */
		91C43B97276A319A00AC9C68 /* metalWithoutModelIO */ = {
			isa = PBXNativeTarget;
			buildConfigurationList = 91C43BC2276A319A00AC9C68 /* Build configuration list for PBXNativeTarget "metalWithoutModelIO" */;
			buildPhases = (
				91C43B94276A319A00AC9C68 /* Sources */,
				91C43B95276A319A00AC9C68 /* Frameworks */,
				91C43B96276A319A00AC9C68 /* Resources */,
			);
			buildRules = (
			);
			dependencies = (
			);
			name = metalWithoutModelIO;
			productName = metalWithoutModelIO;
			productReference = 91C43B98276A319A00AC9C68 /* metalWithoutModelIO.app */;
			productType = "com.apple.product-type.application";
		};
		91C43BAD276A319A00AC9C68 /* metalWithoutModelIOTests */ = {
			isa = PBXNativeTarget;
			buildConfigurationList = 91C43BC5276A319A00AC9C68 /* Build configuration list for PBXNativeTarget "metalWithoutModelIOTests" */;
			buildPhases = (
				91C43BAA276A319A00AC9C68 /* Sources */,
				91C43BAB276A319A00AC9C68 /* Frameworks */,
				91C43BAC276A319A00AC9C68 /* Resources */,
			);
			buildRules = (
			);
			dependencies = (
				91C43BB0276A319A00AC9C68 /* PBXTargetDependency */,
			);
			name = metalWithoutModelIOTests;
			productName = metalWithoutModelIOTests;
			productReference = 91C43BAE276A319A00AC9C68 /* metalWithoutModelIOTests.xctest */;
			productType = "com.apple.product-type.bundle.unit-test";
		};
		91C43BB7276A319A00AC9C68 /* metalWithoutModelIOUITests */ = {
			isa = PBXNativeTarget;
			buildConfigurationList = 91C43BC8276A319A00AC9C68 /* Build configuration list for PBXNativeTarget "metalWithoutModelIOUITests" */;
			buildPhases = (
				91C43BB4276A319A00AC9C68 /* Sources */,
				91C43BB5276A319A00AC9C68 /* Frameworks */,
				91C43BB6276A319A00AC9C68 /* Resources */,
			);
			buildRules = (
			);
			dependencies = (
				91C43BBA276A319A00AC9C68 /* PBXTargetDependency */,
			);
			name = metalWithoutModelIOUITests;
			productName = metalWithoutModelIOUITests;
			productReference = 91C43BB8276A319A00AC9C68 /* metalWithoutModelIOUITests.xctest */;
			productType = "com.apple.product-type.bundle.ui-testing";
		};
/* End PBXNativeTarget section */

/* Begin PBXProject section */
		91C43B90276A319A00AC9C68 /* Project object */ = {
			isa = PBXProject;
			attributes = {
				BuildIndependentTargetsInParallel = 1;
				LastSwiftUpdateCheck = 1310;
				LastUpgradeCheck = 1310;
				TargetAttributes = {
					91C43B97276A319A00AC9C68 = {
						CreatedOnToolsVersion = 13.1;
					};
					91C43BAD276A319A00AC9C68 = {
						CreatedOnToolsVersion = 13.1;
						TestTargetID = 91C43B97276A319A00AC9C68;
					};
					91C43BB7276A319A00AC9C68 = {
						CreatedOnToolsVersion = 13.1;
						TestTargetID = 91C43B97276A319A00AC9C68;
					};
				};
			};
			buildConfigurationList = 91C43B93276A319A00AC9C68 /* Build configuration list for PBXProject "metalWithoutModelIO" */;
			compatibilityVersion = "Xcode 13.0";
			developmentRegion = en;
			hasScannedForEncodings = 0;
			knownRegions = (
				en,
				Base,
			);
			mainGroup = 91C43B8F276A319A00AC9C68;
			productRefGroup = 91C43B99276A319A00AC9C68 /* Products */;
			projectDirPath = "";
			projectRoot = "";
			targets = (
				91C43B97276A319A00AC9C68 /* metalWithoutModelIO */,
				91C43BAD276A319A00AC9C68 /* metalWithoutModelIOTests */,
				91C43BB7276A319A00AC9C68 /* metalWithoutModelIOUITests */,
			);
		};
/* End PBXProject section */

/* Begin PBXResourcesBuildPhase section */
		91C43B96276A319A00AC9C68 /* Resources */ = {
			isa = PBXResourcesBuildPhase;
			buildActionMask = 2147483647;
			files = (
				91C43BA8276A319A00AC9C68 /* LaunchScreen.storyboard in Resources */,
				91C43BA5276A319A00AC9C68 /* Assets.xcassets in Resources */,
				91C43BA3276A319A00AC9C68 /* Main.storyboard in Resources */,
			);
			runOnlyForDeploymentPostprocessing = 0;
		};
		91C43BAC276A319A00AC9C68 /* Resources */ = {
			isa = PBXResourcesBuildPhase;
			buildActionMask = 2147483647;
			files = (
			);
			runOnlyForDeploymentPostprocessing = 0;
		};
		91C43BB6276A319A00AC9C68 /* Resources */ = {
			isa = PBXResourcesBuildPhase;
			buildActionMask = 2147483647;
			files = (
			);
			runOnlyForDeploymentPostprocessing = 0;
		};
/* End PBXResourcesBuildPhase section */

/* Begin PBXSourcesBuildPhase section */
		91C43B94276A319A00AC9C68 /* Sources */ = {
			isa = PBXSourcesBuildPhase;
			buildActionMask = 2147483647;
			files = (
				915AB014277C71F300360C19 /* MathLirbrary.swift in Sources */,
				91C43BCF276A43E700AC9C68 /* RendererDD.swift in Sources */,
				91C43BCC276A31ED00AC9C68 /* Shaders.metal in Sources */,
				91C43BA0276A319A00AC9C68 /* ViewController.swift in Sources */,
				91C43B9C276A319A00AC9C68 /* AppDelegate.swift in Sources */,
				915AB016277D38CB00360C19 /* Cube.swift in Sources */,
				91C43B9E276A319A00AC9C68 /* SceneDelegate.swift in Sources */,
			);
			runOnlyForDeploymentPostprocessing = 0;
		};
		91C43BAA276A319A00AC9C68 /* Sources */ = {
			isa = PBXSourcesBuildPhase;
			buildActionMask = 2147483647;
			files = (
				91C43BB3276A319A00AC9C68 /* metalWithoutModelIOTests.swift in Sources */,
			);
			runOnlyForDeploymentPostprocessing = 0;
		};
		91C43BB4276A319A00AC9C68 /* Sources */ = {
			isa = PBXSourcesBuildPhase;
			buildActionMask = 2147483647;
			files = (
				91C43BBD276A319A00AC9C68 /* metalWithoutModelIOUITests.swift in Sources */,
				91C43BBF276A319A00AC9C68 /* metalWithoutModelIOUITestsLaunchTests.swift in Sources */,
			);
			runOnlyForDeploymentPostprocessing = 0;
		};
/* End PBXSourcesBuildPhase section */

/* Begin PBXTargetDependency section */
		91C43BB0276A319A00AC9C68 /* PBXTargetDependency */ = {
			isa = PBXTargetDependency;
			target = 91C43B97276A319A00AC9C68 /* metalWithoutModelIO */;
			targetProxy = 91C43BAF276A319A00AC9C68 /* PBXContainerItemProxy */;
		};
		91C43BBA276A319A00AC9C68 /* PBXTargetDependency */ = {
			isa = PBXTargetDependency;
			target = 91C43B97276A319A00AC9C68 /* metalWithoutModelIO */;
			targetProxy = 91C43BB9276A319A00AC9C68 /* PBXContainerItemProxy */;
		};
/* End PBXTargetDependency section */

/* Begin PBXVariantGroup section */
		91C43BA1276A319A00AC9C68 /* Main.storyboard */ = {
			isa = PBXVariantGroup;
			children = (
				91C43BA2276A319A00AC9C68 /* Base */,
			);
			name = Main.storyboard;
			sourceTree = "<group>";
		};
		91C43BA6276A319A00AC9C68 /* LaunchScreen.storyboard */ = {
			isa = PBXVariantGroup;
			children = (
				91C43BA7276A319A00AC9C68 /* Base */,
			);
			name = LaunchScreen.storyboard;
			sourceTree = "<group>";
		};
/* End PBXVariantGroup section */

/* Begin XCBuildConfiguration section */
		91C43BC0276A319A00AC9C68 /* Debug */ = {
			isa = XCBuildConfiguration;
			buildSettings = {
				ALWAYS_SEARCH_USER_PATHS = NO;
				CLANG_ANALYZER_NONNULL = YES;
				CLANG_ANALYZER_NUMBER_OBJECT_CONVERSION = YES_AGGRESSIVE;
				CLANG_CXX_LANGUAGE_STANDARD = "gnu++17";
				CLANG_CXX_LIBRARY = "libc++";
				CLANG_ENABLE_MODULES = YES;
				CLANG_ENABLE_OBJC_ARC = YES;
				CLANG_ENABLE_OBJC_WEAK = YES;
				CLANG_WARN_BLOCK_CAPTURE_AUTORELEASING = YES;
				CLANG_WARN_BOOL_CONVERSION = YES;
				CLANG_WARN_COMMA = YES;
				CLANG_WARN_CONSTANT_CONVERSION = YES;
				CLANG_WARN_DEPRECATED_OBJC_IMPLEMENTATIONS = YES;
				CLANG_WARN_DIRECT_OBJC_ISA_USAGE = YES_ERROR;
				CLANG_WARN_DOCUMENTATION_COMMENTS = YES;
				CLANG_WARN_EMPTY_BODY = YES;
				CLANG_WARN_ENUM_CONVERSION = YES;
				CLANG_WARN_INFINITE_RECURSION = YES;
				CLANG_WARN_INT_CONVERSION = YES;
				CLANG_WARN_NON_LITERAL_NULL_CONVERSION = YES;
				CLANG_WARN_OBJC_IMPLICIT_RETAIN_SELF = YES;
				CLANG_WARN_OBJC_LITERAL_CONVERSION = YES;
				CLANG_WARN_OBJC_ROOT_CLASS = YES_ERROR;
				CLANG_WARN_QUOTED_INCLUDE_IN_FRAMEWORK_HEADER = YES;
				CLANG_WARN_RANGE_LOOP_ANALYSIS = YES;
				CLANG_WARN_STRICT_PROTOTYPES = YES;
				CLANG_WARN_SUSPICIOUS_MOVE = YES;
				CLANG_WARN_UNGUARDED_AVAILABILITY = YES_AGGRESSIVE;
				CLANG_WARN_UNREACHABLE_CODE = YES;
				CLANG_WARN__DUPLICATE_METHOD_MATCH = YES;
				COPY_PHASE_STRIP = NO;
				DEBUG_INFORMATION_FORMAT = dwarf;
				ENABLE_STRICT_OBJC_MSGSEND = YES;
				ENABLE_TESTABILITY = YES;
				GCC_C_LANGUAGE_STANDARD = gnu11;
				GCC_DYNAMIC_NO_PIC = NO;
				GCC_NO_COMMON_BLOCKS = YES;
				GCC_OPTIMIZATION_LEVEL = 0;
				GCC_PREPROCESSOR_DEFINITIONS = (
					"DEBUG=1",
					"$(inherited)",
				);
				GCC_WARN_64_TO_32_BIT_CONVERSION = YES;
				GCC_WARN_ABOUT_RETURN_TYPE = YES_ERROR;
				GCC_WARN_UNDECLARED_SELECTOR = YES;
				GCC_WARN_UNINITIALIZED_AUTOS = YES_AGGRESSIVE;
				GCC_WARN_UNUSED_FUNCTION = YES;
				GCC_WARN_UNUSED_VARIABLE = YES;
				IPHONEOS_DEPLOYMENT_TARGET = 15.0;
				MTL_ENABLE_DEBUG_INFO = INCLUDE_SOURCE;
				MTL_FAST_MATH = YES;
				ONLY_ACTIVE_ARCH = YES;
				SDKROOT = iphoneos;
				SWIFT_ACTIVE_COMPILATION_CONDITIONS = DEBUG;
				SWIFT_OPTIMIZATION_LEVEL = "-Onone";
			};
			name = Debug;
		};
		91C43BC1276A319A00AC9C68 /* Release */ = {
			isa = XCBuildConfiguration;
			buildSettings = {
				ALWAYS_SEARCH_USER_PATHS = NO;
				CLANG_ANALYZER_NONNULL = YES;
				CLANG_ANALYZER_NUMBER_OBJECT_CONVERSION = YES_AGGRESSIVE;
				CLANG_CXX_LANGUAGE_STANDARD = "gnu++17";
				CLANG_CXX_LIBRARY = "libc++";
				CLANG_ENABLE_MODULES = YES;
				CLANG_ENABLE_OBJC_ARC = YES;
				CLANG_ENABLE_OBJC_WEAK = YES;
				CLANG_WARN_BLOCK_CAPTURE_AUTORELEASING = YES;
				CLANG_WARN_BOOL_CONVERSION = YES;
				CLANG_WARN_COMMA = YES;
				CLANG_WARN_CONSTANT_CONVERSION = YES;
				CLANG_WARN_DEPRECATED_OBJC_IMPLEMENTATIONS = YES;
				CLANG_WARN_DIRECT_OBJC_ISA_USAGE = YES_ERROR;
				CLANG_WARN_DOCUMENTATION_COMMENTS = YES;
				CLANG_WARN_EMPTY_BODY = YES;
				CLANG_WARN_ENUM_CONVERSION = YES;
				CLANG_WARN_INFINITE_RECURSION = YES;
				CLANG_WARN_INT_CONVERSION = YES;
				CLANG_WARN_NON_LITERAL_NULL_CONVERSION = YES;
				CLANG_WARN_OBJC_IMPLICIT_RETAIN_SELF = YES;
				CLANG_WARN_OBJC_LITERAL_CONVERSION = YES;
				CLANG_WARN_OBJC_ROOT_CLASS = YES_ERROR;
				CLANG_WARN_QUOTED_INCLUDE_IN_FRAMEWORK_HEADER = YES;
				CLANG_WARN_RANGE_LOOP_ANALYSIS = YES;
				CLANG_WARN_STRICT_PROTOTYPES = YES;
				CLANG_WARN_SUSPICIOUS_MOVE = YES;
				CLANG_WARN_UNGUARDED_AVAILABILITY = YES_AGGRESSIVE;
				CLANG_WARN_UNREACHABLE_CODE = YES;
				CLANG_WARN__DUPLICATE_METHOD_MATCH = YES;
				COPY_PHASE_STRIP = NO;
				DEBUG_INFORMATION_FORMAT = "dwarf-with-dsym";
				ENABLE_NS_ASSERTIONS = NO;
				ENABLE_STRICT_OBJC_MSGSEND = YES;
				GCC_C_LANGUAGE_STANDARD = gnu11;
				GCC_NO_COMMON_BLOCKS = YES;
				GCC_WARN_64_TO_32_BIT_CONVERSION = YES;
				GCC_WARN_ABOUT_RETURN_TYPE = YES_ERROR;
				GCC_WARN_UNDECLARED_SELECTOR = YES;
				GCC_WARN_UNINITIALIZED_AUTOS = YES_AGGRESSIVE;
				GCC_WARN_UNUSED_FUNCTION = YES;
				GCC_WARN_UNUSED_VARIABLE = YES;
				IPHONEOS_DEPLOYMENT_TARGET = 15.0;
				MTL_ENABLE_DEBUG_INFO = NO;
				MTL_FAST_MATH = YES;
				SDKROOT = iphoneos;
				SWIFT_COMPILATION_MODE = wholemodule;
				SWIFT_OPTIMIZATION_LEVEL = "-O";
				VALIDATE_PRODUCT = YES;
			};
			name = Release;
		};
		91C43BC3276A319A00AC9C68 /* Debug */ = {
			isa = XCBuildConfiguration;
			buildSettings = {
				ASSETCATALOG_COMPILER_APPICON_NAME = AppIcon;
				ASSETCATALOG_COMPILER_GLOBAL_ACCENT_COLOR_NAME = AccentColor;
				CODE_SIGN_STYLE = Automatic;
				CURRENT_PROJECT_VERSION = 1;
				DEVELOPMENT_TEAM = A3639RGZ9S;
				GENERATE_INFOPLIST_FILE = YES;
				INFOPLIST_FILE = metalWithoutModelIO/Info.plist;
				INFOPLIST_KEY_CFBundleDisplayName = Cube3DGame;
				INFOPLIST_KEY_UIApplicationSupportsIndirectInputEvents = YES;
				INFOPLIST_KEY_UILaunchStoryboardName = LaunchScreen;
				INFOPLIST_KEY_UIMainStoryboardFile = Main;
				INFOPLIST_KEY_UISupportedInterfaceOrientations_iPad = "UIInterfaceOrientationPortrait UIInterfaceOrientationPortraitUpsideDown UIInterfaceOrientationLandscapeLeft UIInterfaceOrientationLandscapeRight";
				INFOPLIST_KEY_UISupportedInterfaceOrientations_iPhone = "UIInterfaceOrientationPortrait UIInterfaceOrientationLandscapeLeft UIInterfaceOrientationLandscapeRight";
				LD_RUNPATH_SEARCH_PATHS = (
					"$(inherited)",
					"@executable_path/Frameworks",
				);
				MARKETING_VERSION = 1.1;
				PRODUCT_BUNDLE_IDENTIFIER = com.dvergsten.cubegame;
				PRODUCT_NAME = "$(TARGET_NAME)";
				SWIFT_EMIT_LOC_STRINGS = YES;
				SWIFT_OBJC_BRIDGING_HEADER = metalWithoutModelIO/AAPLShaderTypes.h;
				SWIFT_VERSION = 5.0;
				TARGETED_DEVICE_FAMILY = "1,2";
			};
			name = Debug;
		};
		91C43BC4276A319A00AC9C68 /* Release */ = {
			isa = XCBuildConfiguration;
			buildSettings = {
				ASSETCATALOG_COMPILER_APPICON_NAME = AppIcon;
				ASSETCATALOG_COMPILER_GLOBAL_ACCENT_COLOR_NAME = AccentColor;
				CODE_SIGN_STYLE = Automatic;
				CURRENT_PROJECT_VERSION = 1;
				DEVELOPMENT_TEAM = A3639RGZ9S;
				GENERATE_INFOPLIST_FILE = YES;
				INFOPLIST_FILE = metalWithoutModelIO/Info.plist;
				INFOPLIST_KEY_CFBundleDisplayName = Cube3DGame;
				INFOPLIST_KEY_UIApplicationSupportsIndirectInputEvents = YES;
				INFOPLIST_KEY_UILaunchStoryboardName = LaunchScreen;
				INFOPLIST_KEY_UIMainStoryboardFile = Main;
				INFOPLIST_KEY_UISupportedInterfaceOrientations_iPad = "UIInterfaceOrientationPortrait UIInterfaceOrientationPortraitUpsideDown UIInterfaceOrientationLandscapeLeft UIInterfaceOrientationLandscapeRight";
				INFOPLIST_KEY_UISupportedInterfaceOrientations_iPhone = "UIInterfaceOrientationPortrait UIInterfaceOrientationLandscapeLeft UIInterfaceOrientationLandscapeRight";
				LD_RUNPATH_SEARCH_PATHS = (
					"$(inherited)",
					"@executable_path/Frameworks",
				);
				MARKETING_VERSION = 1.1;
				PRODUCT_BUNDLE_IDENTIFIER = com.dvergsten.cubegame;
				PRODUCT_NAME = "$(TARGET_NAME)";
				SWIFT_EMIT_LOC_STRINGS = YES;
				SWIFT_OBJC_BRIDGING_HEADER = metalWithoutModelIO/AAPLShaderTypes.h;
				SWIFT_VERSION = 5.0;
				TARGETED_DEVICE_FAMILY = "1,2";
			};
			name = Release;
		};
		91C43BC6276A319A00AC9C68 /* Debug */ = {
			isa = XCBuildConfiguration;
			buildSettings = {
				ALWAYS_EMBED_SWIFT_STANDARD_LIBRARIES = YES;
				BUNDLE_LOADER = "$(TEST_HOST)";
				CODE_SIGN_STYLE = Automatic;
				CURRENT_PROJECT_VERSION = 1;
				DEVELOPMENT_TEAM = A3639RGZ9S;
				GENERATE_INFOPLIST_FILE = YES;
				IPHONEOS_DEPLOYMENT_TARGET = 15.0;
				LD_RUNPATH_SEARCH_PATHS = (
					"$(inherited)",
					"@executable_path/Frameworks",
					"@loader_path/Frameworks",
				);
				MARKETING_VERSION = 1.0;
				PRODUCT_BUNDLE_IDENTIFIER = com.dvergsten.metalWithoutModelIOTests;
				PRODUCT_NAME = "$(TARGET_NAME)";
				SWIFT_EMIT_LOC_STRINGS = NO;
				SWIFT_VERSION = 5.0;
				TARGETED_DEVICE_FAMILY = "1,2";
				TEST_HOST = "$(BUILT_PRODUCTS_DIR)/metalWithoutModelIO.app/metalWithoutModelIO";
			};
			name = Debug;
		};
		91C43BC7276A319A00AC9C68 /* Release */ = {
			isa = XCBuildConfiguration;
			buildSettings = {
				ALWAYS_EMBED_SWIFT_STANDARD_LIBRARIES = YES;
				BUNDLE_LOADER = "$(TEST_HOST)";
				CODE_SIGN_STYLE = Automatic;
				CURRENT_PROJECT_VERSION = 1;
				DEVELOPMENT_TEAM = A3639RGZ9S;
				GENERATE_INFOPLIST_FILE = YES;
				IPHONEOS_DEPLOYMENT_TARGET = 15.0;
				LD_RUNPATH_SEARCH_PATHS = (
					"$(inherited)",
					"@executable_path/Frameworks",
					"@loader_path/Frameworks",
				);
				MARKETING_VERSION = 1.0;
				PRODUCT_BUNDLE_IDENTIFIER = com.dvergsten.metalWithoutModelIOTests;
				PRODUCT_NAME = "$(TARGET_NAME)";
				SWIFT_EMIT_LOC_STRINGS = NO;
				SWIFT_VERSION = 5.0;
				TARGETED_DEVICE_FAMILY = "1,2";
				TEST_HOST = "$(BUILT_PRODUCTS_DIR)/metalWithoutModelIO.app/metalWithoutModelIO";
			};
			name = Release;
		};
		91C43BC9276A319A00AC9C68 /* Debug */ = {
			isa = XCBuildConfiguration;
			buildSettings = {
				ALWAYS_EMBED_SWIFT_STANDARD_LIBRARIES = YES;
				CODE_SIGN_STYLE = Automatic;
				CURRENT_PROJECT_VERSION = 1;
				DEVELOPMENT_TEAM = A3639RGZ9S;
				GENERATE_INFOPLIST_FILE = YES;
				LD_RUNPATH_SEARCH_PATHS = (
					"$(inherited)",
					"@executable_path/Frameworks",
					"@loader_path/Frameworks",
				);
				MARKETING_VERSION = 1.0;
				PRODUCT_BUNDLE_IDENTIFIER = com.dvergsten.metalWithoutModelIOUITests;
				PRODUCT_NAME = "$(TARGET_NAME)";
				SWIFT_EMIT_LOC_STRINGS = NO;
				SWIFT_VERSION = 5.0;
				TARGETED_DEVICE_FAMILY = "1,2";
				TEST_TARGET_NAME = metalWithoutModelIO;
			};
			name = Debug;
		};
		91C43BCA276A319A00AC9C68 /* Release */ = {
			isa = XCBuildConfiguration;
			buildSettings = {
				ALWAYS_EMBED_SWIFT_STANDARD_LIBRARIES = YES;
				CODE_SIGN_STYLE = Automatic;
				CURRENT_PROJECT_VERSION = 1;
				DEVELOPMENT_TEAM = A3639RGZ9S;
				GENERATE_INFOPLIST_FILE = YES;
				LD_RUNPATH_SEARCH_PATHS = (
					"$(inherited)",
					"@executable_path/Frameworks",
					"@loader_path/Frameworks",
				);
				MARKETING_VERSION = 1.0;
				PRODUCT_BUNDLE_IDENTIFIER = com.dvergsten.metalWithoutModelIOUITests;
				PRODUCT_NAME = "$(TARGET_NAME)";
				SWIFT_EMIT_LOC_STRINGS = NO;
				SWIFT_VERSION = 5.0;
				TARGETED_DEVICE_FAMILY = "1,2";
				TEST_TARGET_NAME = metalWithoutModelIO;
			};
			name = Release;
		};
/* End XCBuildConfiguration section */

/* Begin XCConfigurationList section */
		91C43B93276A319A00AC9C68 /* Build configuration list for PBXProject "metalWithoutModelIO" */ = {
			isa = XCConfigurationList;
			buildConfigurations = (
				91C43BC0276A319A00AC9C68 /* Debug */,
				91C43BC1276A319A00AC9C68 /* Release */,
			);
			defaultConfigurationIsVisible = 0;
			defaultConfigurationName = Release;
		};
		91C43BC2276A319A00AC9C68 /* Build configuration list for PBXNativeTarget "metalWithoutModelIO" */ = {
			isa = XCConfigurationList;
			buildConfigurations = (
				91C43BC3276A319A00AC9C68 /* Debug */,
				91C43BC4276A319A00AC9C68 /* Release */,
			);
			defaultConfigurationIsVisible = 0;
			defaultConfigurationName = Release;
		};
		91C43BC5276A319A00AC9C68 /* Build configuration list for PBXNativeTarget "metalWithoutModelIOTests" */ = {
			isa = XCConfigurationList;
			buildConfigurations = (
				91C43BC6276A319A00AC9C68 /* Debug */,
				91C43BC7276A319A00AC9C68 /* Release */,
			);
			defaultConfigurationIsVisible = 0;
			defaultConfigurationName = Release;
		};
		91C43BC8276A319A00AC9C68 /* Build configuration list for PBXNativeTarget "metalWithoutModelIOUITests" */ = {
			isa = XCConfigurationList;
			buildConfigurations = (
				91C43BC9276A319A00AC9C68 /* Debug */,
				91C43BCA276A319A00AC9C68 /* Release */,
			);
			defaultConfigurationIsVisible = 0;
			defaultConfigurationName = Release;
		};
/* End XCConfigurationList section */
	};
	rootObject = 91C43B90276A319A00AC9C68 /* Project object */;
}
